{
    "_meta": {
        "hash": {
            "sha256": "9b35011920847815507f6f45f846033b3807fbc766951daed28ff05da88f8998"
        },
        "pipfile-spec": 6,
        "requires": {
            "python_version": "3.6"
        },
        "sources": [
            {
                "name": "pypi",
                "url": "https://pypi.org/simple",
                "verify_ssl": true
            }
        ]
    },
    "default": {
        "colorama": {
            "hashes": [
                "sha256:463f8483208e921368c9f306094eb6f725c6ca42b0f97e313cb5d5512459feda",
                "sha256:48eb22f4f8461b1df5734a074b57042430fb06e1d61bd1e11b078c0fe6d7a1f1"
            ],
            "index": "pypi",
            "version": "==0.3.9"
        }
    },
    "develop": {}
}
